{
  "name": "visual",
  "requires": true,
  "lockfileVersion": 1,
  "dependencies": {
    "globalize": {
      "version": "0.1.0-a2",
      "resolved": "https://registry.npmjs.org/globalize/-/globalize-0.1.0a2.tgz",
      "integrity": "sha1-fyizguvv2boMs9gDY1+7pkqH8pQ="
    },
    "powerbi-visuals-utils-dataviewutils": {
      "version": "1.2.0",
      "resolved": "https://registry.npmjs.org/powerbi-visuals-utils-dataviewutils/-/powerbi-visuals-utils-dataviewutils-1.2.0.tgz",
      "integrity": "sha1-WaHJgzVclYoj2ZAYlPZfFXUZMhM="
    },
    "powerbi-visuals-utils-formattingutils": {
      "version": "3.1.0",
      "resolved": "https://registry.npmjs.org/powerbi-visuals-utils-formattingutils/-/powerbi-visuals-utils-formattingutils-3.1.0.tgz",
      "integrity": "sha512-sqA/ZqAzqtsyT65JOh7eNiJHuQnbVzj5eQiu9jc9I/HBWENK6s8w6pJbOT01v5Oz/4c//hXeEKB6Raawp+TlUA==",
      "requires": {
        "globalize": "0.1.0-a2",
        "powerbi-visuals-utils-dataviewutils": "1.4.1",
        "powerbi-visuals-utils-typeutils": "1.2.0"
      },
      "dependencies": {
        "powerbi-visuals-utils-dataviewutils": {
          "version": "1.4.1",
          "resolved": "https://registry.npmjs.org/powerbi-visuals-utils-dataviewutils/-/powerbi-visuals-utils-dataviewutils-1.4.1.tgz",
          "integrity": "sha1-+z8Hq7d1mpLVkEGJzyrkMRPLr9M="
        }
      }
    },
    "powerbi-visuals-utils-typeutils": {
      "version": "1.2.0",
      "resolved": "https://registry.npmjs.org/powerbi-visuals-utils-typeutils/-/powerbi-visuals-utils-typeutils-1.2.0.tgz",
      "integrity": "sha512-7DX+kD+w1vURRDLlOxJHbLqh2ikuAZ6n0YweHg6gt5bheX5Yn80i582Q/iFAyDJwNFeD0nnFDwbEQumcEMD1aA=="
    }
  }
}
